// !$*UTF8*$!
{
	archiveVersion = 1;
	classes = {
	};
	objectVersion = 55;
	objects = {

/* Begin PBXBuildFile section */
		202C2A9728EFCC42005296B1 /* app1App.swift in Sources */ = {isa = PBXBuildFile; fileRef = 202C2A9628EFCC42005296B1 /* app1App.swift */; };
		202C2A9928EFCC42005296B1 /* ContentView.swift in Sources */ = {isa = PBXBuildFile; fileRef = 202C2A9828EFCC42005296B1 /* ContentView.swift */; };
		202C2A9B28EFCC46005296B1 /* Assets.xcassets in Resources */ = {isa = PBXBuildFile; fileRef = 202C2A9A28EFCC46005296B1 /* Assets.xcassets */; };
		202C2A9E28EFCC46005296B1 /* Preview Assets.xcassets in Resources */ = {isa = PBXBuildFile; fileRef = 202C2A9D28EFCC46005296B1 /* Preview Assets.xcassets */; };
		202C2AA828EFCC46005296B1 /* app1Tests.swift in Sources */ = {isa = PBXBuildFile; fileRef = 202C2AA728EFCC46005296B1 /* app1Tests.swift */; };
		202C2AB228EFCC46005296B1 /* app1UITests.swift in Sources */ = {isa = PBXBuildFile; fileRef = 202C2AB128EFCC46005296B1 /* app1UITests.swift */; };
		202C2AB428EFCC46005296B1 /* app1UITestsLaunchTests.swift in Sources */ = {isa = PBXBuildFile; fileRef = 202C2AB328EFCC46005296B1 /* app1UITestsLaunchTests.swift */; };
		202C2AC128EFCCB6005296B1 /* webviewcore.swift in Sources */ = {isa = PBXBuildFile; fileRef = 202C2AC028EFCCB6005296B1 /* webviewcore.swift */; };
		202C2AC328EFCCF1005296B1 /* multitabview.swift in Sources */ = {isa = PBXBuildFile; fileRef = 202C2AC228EFCCF1005296B1 /* multitabview.swift */; };
/* End PBXBuildFile section */

/* Begin PBXContainerItemProxy section */
		202C2AA428EFCC46005296B1 /* PBXContainerItemProxy */ = {
			isa = PBXContainerItemProxy;
			containerPortal = 202C2A8B28EFCC42005296B1 /* Project object */;
			proxyType = 1;
			remoteGlobalIDString = 202C2A9228EFCC42005296B1;
			remoteInfo = app1;
		};
		202C2AAE28EFCC46005296B1 /* PBXContainerItemProxy */ = {
			isa = PBXContainerItemProxy;
			containerPortal = 202C2A8B28EFCC42005296B1 /* Project object */;
			proxyType = 1;
			remoteGlobalIDString = 202C2A9228EFCC42005296B1;
			remoteInfo = app1;
		};
/* End PBXContainerItemProxy section */

/* Begin PBXFileReference section */
		202C2A9328EFCC42005296B1 /* app1.app */ = {isa = PBXFileReference; explicitFileType = wrapper.application; includeInIndex = 0; path = app1.app; sourceTree = BUILT_PRODUCTS_DIR; };
		202C2A9628EFCC42005296B1 /* app1App.swift */ = {isa = PBXFileReference; lastKnownFileType = sourcecode.swift; path = app1App.swift; sourceTree = "<group>"; };
		202C2A9828EFCC42005296B1 /* ContentView.swift */ = {isa = PBXFileReference; lastKnownFileType = sourcecode.swift; path = ContentView.swift; sourceTree = "<group>"; };
		202C2A9A28EFCC46005296B1 /* Assets.xcassets */ = {isa = PBXFileReference; lastKnownFileType = folder.assetcatalog; path = Assets.xcassets; sourceTree = "<group>"; };
		202C2A9D28EFCC46005296B1 /* Preview Assets.xcassets */ = {isa = PBXFileReference; lastKnownFileType = folder.assetcatalog; path = "Preview Assets.xcassets"; sourceTree = "<group>"; };
		202C2AA328EFCC46005296B1 /* app1Tests.xctest */ = {isa = PBXFileReference; explicitFileType = wrapper.cfbundle; includeInIndex = 0; path = app1Tests.xctest; sourceTree = BUILT_PRODUCTS_DIR; };
		202C2AA728EFCC46005296B1 /* app1Tests.swift */ = {isa = PBXFileReference; lastKnownFileType = sourcecode.swift; path = app1Tests.swift; sourceTree = "<group>"; };
		202C2AAD28EFCC46005296B1 /* app1UITests.xctest */ = {isa = PBXFileReference; explicitFileType = wrapper.cfbundle; includeInIndex = 0; path = app1UITests.xctest; sourceTree = BUILT_PRODUCTS_DIR; };
		202C2AB128EFCC46005296B1 /* app1UITests.swift */ = {isa = PBXFileReference; lastKnownFileType = sourcecode.swift; path = app1UITests.swift; sourceTree = "<group>"; };
		202C2AB328EFCC46005296B1 /* app1UITestsLaunchTests.swift */ = {isa = PBXFileReference; lastKnownFileType = sourcecode.swift; path = app1UITestsLaunchTests.swift; sourceTree = "<group>"; };
		202C2AC028EFCCB6005296B1 /* webviewcore.swift */ = {isa = PBXFileReference; lastKnownFileType = sourcecode.swift; path = webviewcore.swift; sourceTree = "<group>"; };
		202C2AC228EFCCF1005296B1 /* multitabview.swift */ = {isa = PBXFileReference; lastKnownFileType = sourcecode.swift; path = multitabview.swift; sourceTree = "<group>"; };
/* End PBXFileReference section */

/* Begin PBXFrameworksBuildPhase section */
		202C2A9028EFCC42005296B1 /* Frameworks */ = {
			isa = PBXFrameworksBuildPhase;
			buildActionMask = 2147483647;
			files = (
			);
			runOnlyForDeploymentPostprocessing = 0;
		};
		202C2AA028EFCC46005296B1 /* Frameworks */ = {
			isa = PBXFrameworksBuildPhase;
			buildActionMask = 2147483647;
			files = (
			);
			runOnlyForDeploymentPostprocessing = 0;
		};
		202C2AAA28EFCC46005296B1 /* Frameworks */ = {
			isa = PBXFrameworksBuildPhase;
			buildActionMask = 2147483647;
			files = (
			);
			runOnlyForDeploymentPostprocessing = 0;
		};
/* End PBXFrameworksBuildPhase section */

/* Begin PBXGroup section */
		202C2A8A28EFCC42005296B1 = {
			isa = PBXGroup;
			children = (
				202C2A9528EFCC42005296B1 /* app1 */,
				202C2AA628EFCC46005296B1 /* app1Tests */,
				202C2AB028EFCC46005296B1 /* app1UITests */,
				202C2A9428EFCC42005296B1 /* Products */,
			);
			sourceTree = "<group>";
		};
		202C2A9428EFCC42005296B1 /* Products */ = {
			isa = PBXGroup;
			children = (
				202C2A9328EFCC42005296B1 /* app1.app */,
				202C2AA328EFCC46005296B1 /* app1Tests.xctest */,
				202C2AAD28EFCC46005296B1 /* app1UITests.xctest */,
			);
			name = Products;
			sourceTree = "<group>";
		};
		202C2A9528EFCC42005296B1 /* app1 */ = {
			isa = PBXGroup;
			children = (
				202C2A9628EFCC42005296B1 /* app1App.swift */,
				202C2A9828EFCC42005296B1 /* ContentView.swift */,
				202C2AC028EFCCB6005296B1 /* webviewcore.swift */,
				202C2AC228EFCCF1005296B1 /* multitabview.swift */,
				202C2A9A28EFCC46005296B1 /* Assets.xcassets */,
				202C2A9C28EFCC46005296B1 /* Preview Content */,
			);
			path = app1;
			sourceTree = "<group>";
		};
		202C2A9C28EFCC46005296B1 /* Preview Content */ = {
			isa = PBXGroup;
			children = (
				202C2A9D28EFCC46005296B1 /* Preview Assets.xcassets */,
			);
			path = "Preview Content";
			sourceTree = "<group>";
		};
		202C2AA628EFCC46005296B1 /* app1Tests */ = {
			isa = PBXGroup;
			children = (
				202C2AA728EFCC46005296B1 /* app1Tests.swift */,
			);
			path = app1Tests;
			sourceTree = "<group>";
		};
		202C2AB028EFCC46005296B1 /* app1UITests */ = {
			isa = PBXGroup;
			children = (
				202C2AB128EFCC46005296B1 /* app1UITests.swift */,
				202C2AB328EFCC46005296B1 /* app1UITestsLaunchTests.swift */,
			);
			path = app1UITests;
			sourceTree = "<group>";
		};
/* End PBXGroup section */

/* Begin PBXNativeTarget section */
		202C2A9228EFCC42005296B1 /* app1 */ = {
			isa = PBXNativeTarget;
			buildConfigurationList = 202C2AB728EFCC46005296B1 /* Build configuration list for PBXNativeTarget "app1" */;
			buildPhases = (
				202C2A8F28EFCC42005296B1 /* Sources */,
				202C2A9028EFCC42005296B1 /* Frameworks */,
				202C2A9128EFCC42005296B1 /* Resources */,
			);
			buildRules = (
			);
			dependencies = (
			);
			name = app1;
			productName = app1;
			productReference = 202C2A9328EFCC42005296B1 /* app1.app */;
			productType = "com.apple.product-type.application";
		};
		202C2AA228EFCC46005296B1 /* app1Tests */ = {
			isa = PBXNativeTarget;
			buildConfigurationList = 202C2ABA28EFCC46005296B1 /* Build configuration list for PBXNativeTarget "app1Tests" */;
			buildPhases = (
				202C2A9F28EFCC46005296B1 /* Sources */,
				202C2AA028EFCC46005296B1 /* Frameworks */,
				202C2AA128EFCC46005296B1 /* Resources */,
			);
			buildRules = (
			);
			dependencies = (
				202C2AA528EFCC46005296B1 /* PBXTargetDependency */,
			);
			name = app1Tests;
			productName = app1Tests;
			productReference = 202C2AA328EFCC46005296B1 /* app1Tests.xctest */;
			productType = "com.apple.product-type.bundle.unit-test";
		};
		202C2AAC28EFCC46005296B1 /* app1UITests */ = {
			isa = PBXNativeTarget;
			buildConfigurationList = 202C2ABD28EFCC46005296B1 /* Build configuration list for PBXNativeTarget "app1UITests" */;
			buildPhases = (
				202C2AA928EFCC46005296B1 /* Sources */,
				202C2AAA28EFCC46005296B1 /* Frameworks */,
				202C2AAB28EFCC46005296B1 /* Resources */,
			);
			buildRules = (
			);
			dependencies = (
				202C2AAF28EFCC46005296B1 /* PBXTargetDependency */,
			);
			name = app1UITests;
			productName = app1UITests;
			productReference = 202C2AAD28EFCC46005296B1 /* app1UITests.xctest */;
			productType = "com.apple.product-type.bundle.ui-testing";
		};
/* End PBXNativeTarget section */

/* Begin PBXProject section */
		202C2A8B28EFCC42005296B1 /* Project object */ = {
			isa = PBXProject;
			attributes = {
				BuildIndependentTargetsInParallel = 1;
				LastSwiftUpdateCheck = 1340;
				LastUpgradeCheck = 1340;
				TargetAttributes = {
					202C2A9228EFCC42005296B1 = {
						CreatedOnToolsVersion = 13.4.1;
					};
					202C2AA228EFCC46005296B1 = {
						CreatedOnToolsVersion = 13.4.1;
						TestTargetID = 202C2A9228EFCC42005296B1;
					};
					202C2AAC28EFCC46005296B1 = {
						CreatedOnToolsVersion = 13.4.1;
						TestTargetID = 202C2A9228EFCC42005296B1;
					};
				};
			};
			buildConfigurationList = 202C2A8E28EFCC42005296B1 /* Build configuration list for PBXProject "app1" */;
			compatibilityVersion = "Xcode 13.0";
			developmentRegion = en;
			hasScannedForEncodings = 0;
			knownRegions = (
				en,
				Base,
			);
			mainGroup = 202C2A8A28EFCC42005296B1;
			productRefGroup = 202C2A9428EFCC42005296B1 /* Products */;
			projectDirPath = "";
			projectRoot = "";
			targets = (
				202C2A9228EFCC42005296B1 /* app1 */,
				202C2AA228EFCC46005296B1 /* app1Tests */,
				202C2AAC28EFCC46005296B1 /* app1UITests */,
			);
		};
/* End PBXProject section */

/* Begin PBXResourcesBuildPhase section */
		202C2A9128EFCC42005296B1 /* Resources */ = {
			isa = PBXResourcesBuildPhase;
			buildActionMask = 2147483647;
			files = (
				202C2A9E28EFCC46005296B1 /* Preview Assets.xcassets in Resources */,
				202C2A9B28EFCC46005296B1 /* Assets.xcassets in Resources */,
			);
			runOnlyForDeploymentPostprocessing = 0;
		};
		202C2AA128EFCC46005296B1 /* Resources */ = {
			isa = PBXResourcesBuildPhase;
			buildActionMask = 2147483647;
			files = (
			);
			runOnlyForDeploymentPostprocessing = 0;
		};
		202C2AAB28EFCC46005296B1 /* Resources */ = {
			isa = PBXResourcesBuildPhase;
			buildActionMask = 2147483647;
			files = (
			);
			runOnlyForDeploymentPostprocessing = 0;
		};
/* End PBXResourcesBuildPhase section */

/* Begin PBXSourcesBuildPhase section */
		202C2A8F28EFCC42005296B1 /* Sources */ = {
			isa = PBXSourcesBuildPhase;
			buildActionMask = 2147483647;
			files = (
				202C2AC128EFCCB6005296B1 /* webviewcore.swift in Sources */,
				202C2A9928EFCC42005296B1 /* ContentView.swift in Sources */,
				202C2AC328EFCCF1005296B1 /* multitabview.swift in Sources */,
				202C2A9728EFCC42005296B1 /* app1App.swift in Sources */,
			);
			runOnlyForDeploymentPostprocessing = 0;
		};
		202C2A9F28EFCC46005296B1 /* Sources */ = {
			isa = PBXSourcesBuildPhase;
			buildActionMask = 2147483647;
			files = (
				202C2AA828EFCC46005296B1 /* app1Tests.swift in Sources */,
			);
			runOnlyForDeploymentPostprocessing = 0;
		};
		202C2AA928EFCC46005296B1 /* Sources */ = {
			isa = PBXSourcesBuildPhase;
			buildActionMask = 2147483647;
			files = (
				202C2AB428EFCC46005296B1 /* app1UITestsLaunchTests.swift in Sources */,
				202C2AB228EFCC46005296B1 /* app1UITests.swift in Sources */,
			);
			runOnlyForDeploymentPostprocessing = 0;
		};
/* End PBXSourcesBuildPhase section */

/* Begin PBXTargetDependency section */
		202C2AA528EFCC46005296B1 /* PBXTargetDependency */ = {
			isa = PBXTargetDependency;
			target = 202C2A9228EFCC42005296B1 /* app1 */;
			targetProxy = 202C2AA428EFCC46005296B1 /* PBXContainerItemProxy */;
		};
		202C2AAF28EFCC46005296B1 /* PBXTargetDependency */ = {
			isa = PBXTargetDependency;
			target = 202C2A9228EFCC42005296B1 /* app1 */;
			targetProxy = 202C2AAE28EFCC46005296B1 /* PBXContainerItemProxy */;
		};
/* End PBXTargetDependency section */

/* Begin XCBuildConfiguration section */
		202C2AB528EFCC46005296B1 /* Debug */ = {
			isa = XCBuildConfiguration;
			buildSettings = {
				ALWAYS_SEARCH_USER_PATHS = NO;
				CLANG_ANALYZER_NONNULL = YES;
				CLANG_ANALYZER_NUMBER_OBJECT_CONVERSION = YES_AGGRESSIVE;
				CLANG_CXX_LANGUAGE_STANDARD = "gnu++17";
				CLANG_ENABLE_MODULES = YES;
				CLANG_ENABLE_OBJC_ARC = YES;
				CLANG_ENABLE_OBJC_WEAK = YES;
				CLANG_WARN_BLOCK_CAPTURE_AUTORELEASING = YES;
				CLANG_WARN_BOOL_CONVERSION = YES;
				CLANG_WARN_COMMA = YES;
				CLANG_WARN_CONSTANT_CONVERSION = YES;
				CLANG_WARN_DEPRECATED_OBJC_IMPLEMENTATIONS = YES;
				CLANG_WARN_DIRECT_OBJC_ISA_USAGE = YES_ERROR;
				CLANG_WARN_DOCUMENTATION_COMMENTS = YES;
				CLANG_WARN_EMPTY_BODY = YES;
				CLANG_WARN_ENUM_CONVERSION = YES;
				CLANG_WARN_INFINITE_RECURSION = YES;
				CLANG_WARN_INT_CONVERSION = YES;
				CLANG_WARN_NON_LITERAL_NULL_CONVERSION = YES;
				CLANG_WARN_OBJC_IMPLICIT_RETAIN_SELF = YES;
				CLANG_WARN_OBJC_LITERAL_CONVERSION = YES;
				CLANG_WARN_OBJC_ROOT_CLASS = YES_ERROR;
				CLANG_WARN_QUOTED_INCLUDE_IN_FRAMEWORK_HEADER = YES;
				CLANG_WARN_RANGE_LOOP_ANALYSIS = YES;
				CLANG_WARN_STRICT_PROTOTYPES = YES;
				CLANG_WARN_SUSPICIOUS_MOVE = YES;
				CLANG_WARN_UNGUARDED_AVAILABILITY = YES_AGGRESSIVE;
				CLANG_WARN_UNREACHABLE_CODE = YES;
				CLANG_WARN__DUPLICATE_METHOD_MATCH = YES;
				COPY_PHASE_STRIP = NO;
				DEBUG_INFORMATION_FORMAT = dwarf;
				ENABLE_STRICT_OBJC_MSGSEND = YES;
				ENABLE_TESTABILITY = YES;
				GCC_C_LANGUAGE_STANDARD = gnu11;
				GCC_DYNAMIC_NO_PIC = NO;
				GCC_NO_COMMON_BLOCKS = YES;
				GCC_OPTIMIZATION_LEVEL = 0;
				GCC_PREPROCESSOR_DEFINITIONS = (
					"DEBUG=1",
					"$(inherited)",
				);
				GCC_WARN_64_TO_32_BIT_CONVERSION = YES;
				GCC_WARN_ABOUT_RETURN_TYPE = YES_ERROR;
				GCC_WARN_UNDECLARED_SELECTOR = YES;
				GCC_WARN_UNINITIALIZED_AUTOS = YES_AGGRESSIVE;
				GCC_WARN_UNUSED_FUNCTION = YES;
				GCC_WARN_UNUSED_VARIABLE = YES;
				IPHONEOS_DEPLOYMENT_TARGET = 15.5;
				MTL_ENABLE_DEBUG_INFO = INCLUDE_SOURCE;
				MTL_FAST_MATH = YES;
				ONLY_ACTIVE_ARCH = YES;
				SDKROOT = iphoneos;
				SWIFT_ACTIVE_COMPILATION_CONDITIONS = DEBUG;
				SWIFT_OPTIMIZATION_LEVEL = "-Onone";
			};
			name = Debug;
		};
		202C2AB628EFCC46005296B1 /* Release */ = {
			isa = XCBuildConfiguration;
			buildSettings = {
				ALWAYS_SEARCH_USER_PATHS = NO;
				CLANG_ANALYZER_NONNULL = YES;
				CLANG_ANALYZER_NUMBER_OBJECT_CONVERSION = YES_AGGRESSIVE;
				CLANG_CXX_LANGUAGE_STANDARD = "gnu++17";
				CLANG_ENABLE_MODULES = YES;
				CLANG_ENABLE_OBJC_ARC = YES;
				CLANG_ENABLE_OBJC_WEAK = YES;
				CLANG_WARN_BLOCK_CAPTURE_AUTORELEASING = YES;
				CLANG_WARN_BOOL_CONVERSION = YES;
				CLANG_WARN_COMMA = YES;
				CLANG_WARN_CONSTANT_CONVERSION = YES;
				CLANG_WARN_DEPRECATED_OBJC_IMPLEMENTATIONS = YES;
				CLANG_WARN_DIRECT_OBJC_ISA_USAGE = YES_ERROR;
				CLANG_WARN_DOCUMENTATION_COMMENTS = YES;
				CLANG_WARN_EMPTY_BODY = YES;
				CLANG_WARN_ENUM_CONVERSION = YES;
				CLANG_WARN_INFINITE_RECURSION = YES;
				CLANG_WARN_INT_CONVERSION = YES;
				CLANG_WARN_NON_LITERAL_NULL_CONVERSION = YES;
				CLANG_WARN_OBJC_IMPLICIT_RETAIN_SELF = YES;
				CLANG_WARN_OBJC_LITERAL_CONVERSION = YES;
				CLANG_WARN_OBJC_ROOT_CLASS = YES_ERROR;
				CLANG_WARN_QUOTED_INCLUDE_IN_FRAMEWORK_HEADER = YES;
				CLANG_WARN_RANGE_LOOP_ANALYSIS = YES;
				CLANG_WARN_STRICT_PROTOTYPES = YES;
				CLANG_WARN_SUSPICIOUS_MOVE = YES;
				CLANG_WARN_UNGUARDED_AVAILABILITY = YES_AGGRESSIVE;
				CLANG_WARN_UNREACHABLE_CODE = YES;
				CLANG_WARN__DUPLICATE_METHOD_MATCH = YES;
				COPY_PHASE_STRIP = NO;
				DEBUG_INFORMATION_FORMAT = "dwarf-with-dsym";
				ENABLE_NS_ASSERTIONS = NO;
				ENABLE_STRICT_OBJC_MSGSEND = YES;
				GCC_C_LANGUAGE_STANDARD = gnu11;
				GCC_NO_COMMON_BLOCKS = YES;
				GCC_WARN_64_TO_32_BIT_CONVERSION = YES;
				GCC_WARN_ABOUT_RETURN_TYPE = YES_ERROR;
				GCC_WARN_UNDECLARED_SELECTOR = YES;
				GCC_WARN_UNINITIALIZED_AUTOS = YES_AGGRESSIVE;
				GCC_WARN_UNUSED_FUNCTION = YES;
				GCC_WARN_UNUSED_VARIABLE = YES;
				IPHONEOS_DEPLOYMENT_TARGET = 15.5;
				MTL_ENABLE_DEBUG_INFO = NO;
				MTL_FAST_MATH = YES;
				SDKROOT = iphoneos;
				SWIFT_COMPILATION_MODE = wholemodule;
				SWIFT_OPTIMIZATION_LEVEL = "-O";
				VALIDATE_PRODUCT = YES;
			};
			name = Release;
		};
		202C2AB828EFCC46005296B1 /* Debug */ = {
			isa = XCBuildConfiguration;
			buildSettings = {
				ASSETCATALOG_COMPILER_APPICON_NAME = AppIcon;
				ASSETCATALOG_COMPILER_GLOBAL_ACCENT_COLOR_NAME = AccentColor;
				CODE_SIGN_STYLE = Automatic;
				CURRENT_PROJECT_VERSION = 1;
				DEVELOPMENT_ASSET_PATHS = "\"app1/Preview Content\"";
				DEVELOPMENT_TEAM = ZTL58LSN37;
				ENABLE_PREVIEWS = YES;
				GENERATE_INFOPLIST_FILE = YES;
				INFOPLIST_KEY_UIApplicationSceneManifest_Generation = YES;
				INFOPLIST_KEY_UIApplicationSupportsIndirectInputEvents = YES;
				INFOPLIST_KEY_UILaunchScreen_Generation = YES;
				INFOPLIST_KEY_UISupportedInterfaceOrientations_iPad = "UIInterfaceOrientationPortrait UIInterfaceOrientationPortraitUpsideDown UIInterfaceOrientationLandscapeLeft UIInterfaceOrientationLandscapeRight";
				INFOPLIST_KEY_UISupportedInterfaceOrientations_iPhone = "UIInterfaceOrientationPortrait UIInterfaceOrientationLandscapeLeft UIInterfaceOrientationLandscapeRight";
				LD_RUNPATH_SEARCH_PATHS = (
					"$(inherited)",
					"@executable_path/Frameworks",
				);
				MARKETING_VERSION = 1.0;
				PRODUCT_BUNDLE_IDENTIFIER = world.aiclub.app1;
				PRODUCT_NAME = "$(TARGET_NAME)";
				SWIFT_EMIT_LOC_STRINGS = YES;
				SWIFT_VERSION = 5.0;
				TARGETED_DEVICE_FAMILY = "1,2";
			};
			name = Debug;
		};
		202C2AB928EFCC46005296B1 /* Release */ = {
			isa = XCBuildConfiguration;
			buildSettings = {
				ASSETCATALOG_COMPILER_APPICON_NAME = AppIcon;
				ASSETCATALOG_COMPILER_GLOBAL_ACCENT_COLOR_NAME = AccentColor;
				CODE_SIGN_STYLE = Automatic;
				CURRENT_PROJECT_VERSION = 1;
				DEVELOPMENT_ASSET_PATHS = "\"app1/Preview Content\"";
				DEVELOPMENT_TEAM = ZTL58LSN37;
				ENABLE_PREVIEWS = YES;
				GENERATE_INFOPLIST_FILE = YES;
				INFOPLIST_KEY_UIApplicationSceneManifest_Generation = YES;
				INFOPLIST_KEY_UIApplicationSupportsIndirectInputEvents = YES;
				INFOPLIST_KEY_UILaunchScreen_Generation = YES;
				INFOPLIST_KEY_UISupportedInterfaceOrientations_iPad = "UIInterfaceOrientationPortrait UIInterfaceOrientationPortraitUpsideDown UIInterfaceOrientationLandscapeLeft UIInterfaceOrientationLandscapeRight";
				INFOPLIST_KEY_UISupportedInterfaceOrientations_iPhone = "UIInterfaceOrientationPortrait UIInterfaceOrientationLandscapeLeft UIInterfaceOrientationLandscapeRight";
				LD_RUNPATH_SEARCH_PATHS = (
					"$(inherited)",
					"@executable_path/Frameworks",
				);
				MARKETING_VERSION = 1.0;
				PRODUCT_BUNDLE_IDENTIFIER = world.aiclub.app1;
				PRODUCT_NAME = "$(TARGET_NAME)";
				SWIFT_EMIT_LOC_STRINGS = YES;
				SWIFT_VERSION = 5.0;
				TARGETED_DEVICE_FAMILY = "1,2";
			};
			name = Release;
		};
		202C2ABB28EFCC46005296B1 /* Debug */ = {
			isa = XCBuildConfiguration;
			buildSettings = {
				ALWAYS_EMBED_SWIFT_STANDARD_LIBRARIES = YES;
				BUNDLE_LOADER = "$(TEST_HOST)";
				CODE_SIGN_STYLE = Automatic;
				CURRENT_PROJECT_VERSION = 1;
				DEVELOPMENT_TEAM = ZTL58LSN37;
				GENERATE_INFOPLIST_FILE = YES;
				IPHONEOS_DEPLOYMENT_TARGET = 15.5;
				MARKETING_VERSION = 1.0;
				PRODUCT_BUNDLE_IDENTIFIER = world.aiclub.app1Tests;
				PRODUCT_NAME = "$(TARGET_NAME)";
				SWIFT_EMIT_LOC_STRINGS = NO;
				SWIFT_VERSION = 5.0;
				TARGETED_DEVICE_FAMILY = "1,2";
				TEST_HOST = "$(BUILT_PRODUCTS_DIR)/app1.app/app1";
			};
			name = Debug;
		};
		202C2ABC28EFCC46005296B1 /* Release */ = {
			isa = XCBuildConfiguration;
			buildSettings = {
				ALWAYS_EMBED_SWIFT_STANDARD_LIBRARIES = YES;
				BUNDLE_LOADER = "$(TEST_HOST)";
				CODE_SIGN_STYLE = Automatic;
				CURRENT_PROJECT_VERSION = 1;
				DEVELOPMENT_TEAM = ZTL58LSN37;
				GENERATE_INFOPLIST_FILE = YES;
				IPHONEOS_DEPLOYMENT_TARGET = 15.5;
				MARKETING_VERSION = 1.0;
				PRODUCT_BUNDLE_IDENTIFIER = world.aiclub.app1Tests;
				PRODUCT_NAME = "$(TARGET_NAME)";
				SWIFT_EMIT_LOC_STRINGS = NO;
				SWIFT_VERSION = 5.0;
				TARGETED_DEVICE_FAMILY = "1,2";
				TEST_HOST = "$(BUILT_PRODUCTS_DIR)/app1.app/app1";
			};
			name = Release;
		};
		202C2ABE28EFCC46005296B1 /* Debug */ = {
			isa = XCBuildConfiguration;
			buildSettings = {
				ALWAYS_EMBED_SWIFT_STANDARD_LIBRARIES = YES;
				CODE_SIGN_STYLE = Automatic;
				CURRENT_PROJECT_VERSION = 1;
				DEVELOPMENT_TEAM = ZTL58LSN37;
				GENERATE_INFOPLIST_FILE = YES;
				MARKETING_VERSION = 1.0;
				PRODUCT_BUNDLE_IDENTIFIER = world.aiclub.app1UITests;
				PRODUCT_NAME = "$(TARGET_NAME)";
				SWIFT_EMIT_LOC_STRINGS = NO;
				SWIFT_VERSION = 5.0;
				TARGETED_DEVICE_FAMILY = "1,2";
				TEST_TARGET_NAME = app1;
			};
			name = Debug;
		};
		202C2ABF28EFCC46005296B1 /* Release */ = {
			isa = XCBuildConfiguration;
			buildSettings = {
				ALWAYS_EMBED_SWIFT_STANDARD_LIBRARIES = YES;
				CODE_SIGN_STYLE = Automatic;
				CURRENT_PROJECT_VERSION = 1;
				DEVELOPMENT_TEAM = ZTL58LSN37;
				GENERATE_INFOPLIST_FILE = YES;
				MARKETING_VERSION = 1.0;
				PRODUCT_BUNDLE_IDENTIFIER = world.aiclub.app1UITests;
				PRODUCT_NAME = "$(TARGET_NAME)";
				SWIFT_EMIT_LOC_STRINGS = NO;
				SWIFT_VERSION = 5.0;
				TARGETED_DEVICE_FAMILY = "1,2";
				TEST_TARGET_NAME = app1;
			};
			name = Release;
		};
/* End XCBuildConfiguration section */

/* Begin XCConfigurationList section */
		202C2A8E28EFCC42005296B1 /* Build configuration list for PBXProject "app1" */ = {
			isa = XCConfigurationList;
			buildConfigurations = (
				202C2AB528EFCC46005296B1 /* Debug */,
				202C2AB628EFCC46005296B1 /* Release */,
			);
			defaultConfigurationIsVisible = 0;
			defaultConfigurationName = Release;
		};
		202C2AB728EFCC46005296B1 /* Build configuration list for PBXNativeTarget "app1" */ = {
			isa = XCConfigurationList;
			buildConfigurations = (
				202C2AB828EFCC46005296B1 /* Debug */,
				202C2AB928EFCC46005296B1 /* Release */,
			);
			defaultConfigurationIsVisible = 0;
			defaultConfigurationName = Release;
		};
		202C2ABA28EFCC46005296B1 /* Build configuration list for PBXNativeTarget "app1Tests" */ = {
			isa = XCConfigurationList;
			buildConfigurations = (
				202C2ABB28EFCC46005296B1 /* Debug */,
				202C2ABC28EFCC46005296B1 /* Release */,
			);
			defaultConfigurationIsVisible = 0;
			defaultConfigurationName = Release;
		};
		202C2ABD28EFCC46005296B1 /* Build configuration list for PBXNativeTarget "app1UITests" */ = {
			isa = XCConfigurationList;
			buildConfigurations = (
				202C2ABE28EFCC46005296B1 /* Debug */,
				202C2ABF28EFCC46005296B1 /* Release */,
			);
			defaultConfigurationIsVisible = 0;
			defaultConfigurationName = Release;
		};
/* End XCConfigurationList section */
	};
	rootObject = 202C2A8B28EFCC42005296B1 /* Project object */;
}
